
Microsoft Visual Studio Solution File, Format Version 12.00
# Visual Studio 14
VisualStudioVersion = 14.0.25420.1
MinimumVisualStudioVersion = 10.0.40219.1
Project("{2150E333-8FDC-42A3-9474-1A3956D46DE8}") = "src", "src", "{C34C2FD3-17BC-4BAE-90A0-B6438E371ABB}"
EndProject
Project("{2150E333-8FDC-42A3-9474-1A3956D46DE8}") = "Solution Items", "Solution Items", "{965CB5B2-C172-44AA-BD7A-FF9C78A20F56}"
	ProjectSection(SolutionItems) = preProject
		global.json = global.json
	EndProjectSection
EndProject
Project("{8BB2217D-0F2D-49D1-97BC-3654ED321F3B}") = "CC98.Share", "src\CC98.Share\CC98.Share.xproj", "{CD580A36-FBC6-4ACA-8E3B-D516D0D5CFD7}"
EndProject
Project("{8BB2217D-0F2D-49D1-97BC-3654ED321F3B}") = "CC98.AppSetting", "src\CC98.AppSetting\CC98.AppSetting.xproj", "{6A06E7CC-F9A7-4DF6-9EAD-3C5361B9622F}"
EndProject
Project("{8BB2217D-0F2D-49D1-97BC-3654ED321F3B}") = "CC98.Authentication.External", "src\CC98.Authentication.External\CC98.Authentication.External.xproj", "{DA2C70CD-4DCF-4058-A1E3-819BA75ED15E}"
EndProject
Project("{8BB2217D-0F2D-49D1-97BC-3654ED321F3B}") = "CC98.Identity.Core", "src\CC98.Identity.Core\CC98.Identity.Core.xproj", "{51EA07D9-149A-4D27-BBF4-95D56A5FCAFE}"
EndProject
Project("{8BB2217D-0F2D-49D1-97BC-3654ED321F3B}") = "CC98.Identity.External", "src\CC98.Identity.External\CC98.Identity.External.xproj", "{9457F66F-F0B1-43DA-8AFC-93278813A598}"
EndProject
Project("{8BB2217D-0F2D-49D1-97BC-3654ED321F3B}") = "CC98.Identity.Scopes", "src\CC98.Identity.Scopes\CC98.Identity.Scopes.xproj", "{4FD65A94-829B-49F2-8B71-D31A75E8BA2F}"
EndProject
Project("{8BB2217D-0F2D-49D1-97BC-3654ED321F3B}") = "CC98.Medal", "src\CC98.Medal\CC98.Medal.xproj", "{64F74BB4-FBDA-4038-87AB-01256ECCADA0}"
EndProject
Global
	GlobalSection(SolutionConfigurationPlatforms) = preSolution
		Debug|Any CPU = Debug|Any CPU
		Release|Any CPU = Release|Any CPU
	EndGlobalSection
	GlobalSection(ProjectConfigurationPlatforms) = postSolution
		{CD580A36-FBC6-4ACA-8E3B-D516D0D5CFD7}.Debug|Any CPU.ActiveCfg = Debug|Any CPU
		{CD580A36-FBC6-4ACA-8E3B-D516D0D5CFD7}.Debug|Any CPU.Build.0 = Debug|Any CPU
		{CD580A36-FBC6-4ACA-8E3B-D516D0D5CFD7}.Release|Any CPU.ActiveCfg = Release|Any CPU
		{CD580A36-FBC6-4ACA-8E3B-D516D0D5CFD7}.Release|Any CPU.Build.0 = Release|Any CPU
		{6A06E7CC-F9A7-4DF6-9EAD-3C5361B9622F}.Debug|Any CPU.ActiveCfg = Debug|Any CPU
		{6A06E7CC-F9A7-4DF6-9EAD-3C5361B9622F}.Debug|Any CPU.Build.0 = Debug|Any CPU
		{6A06E7CC-F9A7-4DF6-9EAD-3C5361B9622F}.Release|Any CPU.ActiveCfg = Release|Any CPU
		{6A06E7CC-F9A7-4DF6-9EAD-3C5361B9622F}.Release|Any CPU.Build.0 = Release|Any CPU
		{DA2C70CD-4DCF-4058-A1E3-819BA75ED15E}.Debug|Any CPU.ActiveCfg = Debug|Any CPU
		{DA2C70CD-4DCF-4058-A1E3-819BA75ED15E}.Debug|Any CPU.Build.0 = Debug|Any CPU
		{DA2C70CD-4DCF-4058-A1E3-819BA75ED15E}.Release|Any CPU.ActiveCfg = Release|Any CPU
		{DA2C70CD-4DCF-4058-A1E3-819BA75ED15E}.Release|Any CPU.Build.0 = Release|Any CPU
		{51EA07D9-149A-4D27-BBF4-95D56A5FCAFE}.Debug|Any CPU.ActiveCfg = Debug|Any CPU
		{51EA07D9-149A-4D27-BBF4-95D56A5FCAFE}.Debug|Any CPU.Build.0 = Debug|Any CPU
		{51EA07D9-149A-4D27-BBF4-95D56A5FCAFE}.Release|Any CPU.ActiveCfg = Release|Any CPU
		{51EA07D9-149A-4D27-BBF4-95D56A5FCAFE}.Release|Any CPU.Build.0 = Release|Any CPU
		{9457F66F-F0B1-43DA-8AFC-93278813A598}.Debug|Any CPU.ActiveCfg = Debug|Any CPU
		{9457F66F-F0B1-43DA-8AFC-93278813A598}.Debug|Any CPU.Build.0 = Debug|Any CPU
		{9457F66F-F0B1-43DA-8AFC-93278813A598}.Release|Any CPU.ActiveCfg = Release|Any CPU
		{9457F66F-F0B1-43DA-8AFC-93278813A598}.Release|Any CPU.Build.0 = Release|Any CPU
		{4FD65A94-829B-49F2-8B71-D31A75E8BA2F}.Debug|Any CPU.ActiveCfg = Debug|Any CPU
		{4FD65A94-829B-49F2-8B71-D31A75E8BA2F}.Debug|Any CPU.Build.0 = Debug|Any CPU
		{4FD65A94-829B-49F2-8B71-D31A75E8BA2F}.Release|Any CPU.ActiveCfg = Release|Any CPU
		{4FD65A94-829B-49F2-8B71-D31A75E8BA2F}.Release|Any CPU.Build.0 = Release|Any CPU
		{64F74BB4-FBDA-4038-87AB-01256ECCADA0}.Debug|Any CPU.ActiveCfg = Debug|Any CPU
		{64F74BB4-FBDA-4038-87AB-01256ECCADA0}.Debug|Any CPU.Build.0 = Debug|Any CPU
		{64F74BB4-FBDA-4038-87AB-01256ECCADA0}.Release|Any CPU.ActiveCfg = Release|Any CPU
		{64F74BB4-FBDA-4038-87AB-01256ECCADA0}.Release|Any CPU.Build.0 = Release|Any CPU
	EndGlobalSection
	GlobalSection(SolutionProperties) = preSolution
		HideSolutionNode = FALSE
	EndGlobalSection
	GlobalSection(NestedProjects) = preSolution
		{CD580A36-FBC6-4ACA-8E3B-D516D0D5CFD7} = {C34C2FD3-17BC-4BAE-90A0-B6438E371ABB}
		{6A06E7CC-F9A7-4DF6-9EAD-3C5361B9622F} = {C34C2FD3-17BC-4BAE-90A0-B6438E371ABB}
		{DA2C70CD-4DCF-4058-A1E3-819BA75ED15E} = {C34C2FD3-17BC-4BAE-90A0-B6438E371ABB}
		{51EA07D9-149A-4D27-BBF4-95D56A5FCAFE} = {C34C2FD3-17BC-4BAE-90A0-B6438E371ABB}
		{9457F66F-F0B1-43DA-8AFC-93278813A598} = {C34C2FD3-17BC-4BAE-90A0-B6438E371ABB}
		{4FD65A94-829B-49F2-8B71-D31A75E8BA2F} = {C34C2FD3-17BC-4BAE-90A0-B6438E371ABB}
		{64F74BB4-FBDA-4038-87AB-01256ECCADA0} = {C34C2FD3-17BC-4BAE-90A0-B6438E371ABB}
	EndGlobalSection
EndGlobal
