
Microsoft Visual Studio Solution File, Format Version 12.00
# Visual Studio 14
VisualStudioVersion = 14.0.25123.0
MinimumVisualStudioVersion = 10.0.40219.1
Project("{2150E333-8FDC-42A3-9474-1A3956D46DE8}") = "src", "src", "{09C4A075-E043-4540-9B12-9B5249440883}"
EndProject
Project("{2150E333-8FDC-42A3-9474-1A3956D46DE8}") = "Solution Items", "Solution Items", "{CA095289-C447-4A21-B963-3457500F2173}"
	ProjectSection(SolutionItems) = preProject
		global.json = global.json
	EndProjectSection
EndProject
Project("{8BB2217D-0F2D-49D1-97BC-3654ED321F3B}") = "CC98.AppSetting", "src\CC98.AppSetting\CC98.AppSetting.xproj", "{E3271BE8-755F-4380-8EAA-4A3FFD0B4D50}"
EndProject
Project("{8BB2217D-0F2D-49D1-97BC-3654ED321F3B}") = "CC98.Authentication.External", "src\CC98.Authentication.External\CC98.Authentication.External.xproj", "{193A6485-2DA6-4A45-860A-B92A866947C4}"
EndProject
Project("{8BB2217D-0F2D-49D1-97BC-3654ED321F3B}") = "CC98.Identity.Core", "src\CC98.Identity.Core\CC98.Identity.Core.xproj", "{2A2D70BD-78C2-48CE-AEDF-7A31D847BA36}"
EndProject
Project("{8BB2217D-0F2D-49D1-97BC-3654ED321F3B}") = "CC98.Identity.Database", "src\CC98.Identity.Database\CC98.Identity.Database.xproj", "{F766E9AE-8E7E-429B-80D6-96E555268DB0}"
EndProject
Project("{8BB2217D-0F2D-49D1-97BC-3654ED321F3B}") = "CC98.Sports", "src\CC98.Sports\CC98.Sports.xproj", "{616133AB-132E-4BEE-AE1B-6BFB02FB16A5}"
EndProject
Project("{8BB2217D-0F2D-49D1-97BC-3654ED321F3B}") = "CC98.LogOn", "src\CC98.LogOn\CC98.LogOn.xproj", "{B7553F6E-2826-429B-B0AB-080DF644F1F0}"
EndProject
Project("{8BB2217D-0F2D-49D1-97BC-3654ED321F3B}") = "CC98.Identity.External", "src\CC98.Identity.External\CC98.Identity.External.xproj", "{E3AB9892-5A2E-4EB6-982D-9CDA361B4F4D}"
EndProject
Project("{8BB2217D-0F2D-49D1-97BC-3654ED321F3B}") = "CC98.Share", "src\CC98.Share\CC98.Share.xproj", "{BAF04B0F-1B23-4746-AEE5-1ED73CFCC6AA}"
EndProject
Project("{8BB2217D-0F2D-49D1-97BC-3654ED321F3B}") = "CC98.Identity.Scopes", "src\CC98.Identity.Scopes\CC98.Identity.Scopes.xproj", "{E5EF0B8A-881D-4BE2-8D89-F3B0120D0C69}"
EndProject
Global
	GlobalSection(SolutionConfigurationPlatforms) = preSolution
		Debug|Any CPU = Debug|Any CPU
		Release|Any CPU = Release|Any CPU
	EndGlobalSection
	GlobalSection(ProjectConfigurationPlatforms) = postSolution
		{E3271BE8-755F-4380-8EAA-4A3FFD0B4D50}.Debug|Any CPU.ActiveCfg = Debug|Any CPU
		{E3271BE8-755F-4380-8EAA-4A3FFD0B4D50}.Debug|Any CPU.Build.0 = Debug|Any CPU
		{E3271BE8-755F-4380-8EAA-4A3FFD0B4D50}.Release|Any CPU.ActiveCfg = Release|Any CPU
		{E3271BE8-755F-4380-8EAA-4A3FFD0B4D50}.Release|Any CPU.Build.0 = Release|Any CPU
		{193A6485-2DA6-4A45-860A-B92A866947C4}.Debug|Any CPU.ActiveCfg = Debug|Any CPU
		{193A6485-2DA6-4A45-860A-B92A866947C4}.Debug|Any CPU.Build.0 = Debug|Any CPU
		{193A6485-2DA6-4A45-860A-B92A866947C4}.Release|Any CPU.ActiveCfg = Release|Any CPU
		{193A6485-2DA6-4A45-860A-B92A866947C4}.Release|Any CPU.Build.0 = Release|Any CPU
		{2A2D70BD-78C2-48CE-AEDF-7A31D847BA36}.Debug|Any CPU.ActiveCfg = Debug|Any CPU
		{2A2D70BD-78C2-48CE-AEDF-7A31D847BA36}.Debug|Any CPU.Build.0 = Debug|Any CPU
		{2A2D70BD-78C2-48CE-AEDF-7A31D847BA36}.Release|Any CPU.ActiveCfg = Release|Any CPU
		{2A2D70BD-78C2-48CE-AEDF-7A31D847BA36}.Release|Any CPU.Build.0 = Release|Any CPU
		{F766E9AE-8E7E-429B-80D6-96E555268DB0}.Debug|Any CPU.ActiveCfg = Debug|Any CPU
		{F766E9AE-8E7E-429B-80D6-96E555268DB0}.Debug|Any CPU.Build.0 = Debug|Any CPU
		{F766E9AE-8E7E-429B-80D6-96E555268DB0}.Release|Any CPU.ActiveCfg = Release|Any CPU
		{F766E9AE-8E7E-429B-80D6-96E555268DB0}.Release|Any CPU.Build.0 = Release|Any CPU
		{616133AB-132E-4BEE-AE1B-6BFB02FB16A5}.Debug|Any CPU.ActiveCfg = Debug|Any CPU
		{616133AB-132E-4BEE-AE1B-6BFB02FB16A5}.Debug|Any CPU.Build.0 = Debug|Any CPU
		{616133AB-132E-4BEE-AE1B-6BFB02FB16A5}.Release|Any CPU.ActiveCfg = Release|Any CPU
		{616133AB-132E-4BEE-AE1B-6BFB02FB16A5}.Release|Any CPU.Build.0 = Release|Any CPU
		{B7553F6E-2826-429B-B0AB-080DF644F1F0}.Debug|Any CPU.ActiveCfg = Debug|Any CPU
		{B7553F6E-2826-429B-B0AB-080DF644F1F0}.Debug|Any CPU.Build.0 = Debug|Any CPU
		{B7553F6E-2826-429B-B0AB-080DF644F1F0}.Release|Any CPU.ActiveCfg = Release|Any CPU
		{B7553F6E-2826-429B-B0AB-080DF644F1F0}.Release|Any CPU.Build.0 = Release|Any CPU
		{E3AB9892-5A2E-4EB6-982D-9CDA361B4F4D}.Debug|Any CPU.ActiveCfg = Debug|Any CPU
		{E3AB9892-5A2E-4EB6-982D-9CDA361B4F4D}.Debug|Any CPU.Build.0 = Debug|Any CPU
		{E3AB9892-5A2E-4EB6-982D-9CDA361B4F4D}.Release|Any CPU.ActiveCfg = Release|Any CPU
		{E3AB9892-5A2E-4EB6-982D-9CDA361B4F4D}.Release|Any CPU.Build.0 = Release|Any CPU
		{BAF04B0F-1B23-4746-AEE5-1ED73CFCC6AA}.Debug|Any CPU.ActiveCfg = Debug|Any CPU
		{BAF04B0F-1B23-4746-AEE5-1ED73CFCC6AA}.Debug|Any CPU.Build.0 = Debug|Any CPU
		{BAF04B0F-1B23-4746-AEE5-1ED73CFCC6AA}.Release|Any CPU.ActiveCfg = Release|Any CPU
		{BAF04B0F-1B23-4746-AEE5-1ED73CFCC6AA}.Release|Any CPU.Build.0 = Release|Any CPU
		{E5EF0B8A-881D-4BE2-8D89-F3B0120D0C69}.Debug|Any CPU.ActiveCfg = Debug|Any CPU
		{E5EF0B8A-881D-4BE2-8D89-F3B0120D0C69}.Debug|Any CPU.Build.0 = Debug|Any CPU
		{E5EF0B8A-881D-4BE2-8D89-F3B0120D0C69}.Release|Any CPU.ActiveCfg = Release|Any CPU
		{E5EF0B8A-881D-4BE2-8D89-F3B0120D0C69}.Release|Any CPU.Build.0 = Release|Any CPU
	EndGlobalSection
	GlobalSection(SolutionProperties) = preSolution
		HideSolutionNode = FALSE
	EndGlobalSection
	GlobalSection(NestedProjects) = preSolution
		{E3271BE8-755F-4380-8EAA-4A3FFD0B4D50} = {09C4A075-E043-4540-9B12-9B5249440883}
		{193A6485-2DA6-4A45-860A-B92A866947C4} = {09C4A075-E043-4540-9B12-9B5249440883}
		{2A2D70BD-78C2-48CE-AEDF-7A31D847BA36} = {09C4A075-E043-4540-9B12-9B5249440883}
		{F766E9AE-8E7E-429B-80D6-96E555268DB0} = {09C4A075-E043-4540-9B12-9B5249440883}
		{616133AB-132E-4BEE-AE1B-6BFB02FB16A5} = {09C4A075-E043-4540-9B12-9B5249440883}
		{B7553F6E-2826-429B-B0AB-080DF644F1F0} = {09C4A075-E043-4540-9B12-9B5249440883}
		{E3AB9892-5A2E-4EB6-982D-9CDA361B4F4D} = {09C4A075-E043-4540-9B12-9B5249440883}
		{BAF04B0F-1B23-4746-AEE5-1ED73CFCC6AA} = {09C4A075-E043-4540-9B12-9B5249440883}
		{E5EF0B8A-881D-4BE2-8D89-F3B0120D0C69} = {09C4A075-E043-4540-9B12-9B5249440883}
	EndGlobalSection
EndGlobal
